
Microsoft Visual Studio Solution File, Format Version 12.00
# Visual Studio Version 17
VisualStudioVersion = 17.1.32120.378
MinimumVisualStudioVersion = 10.0.40219.1
Project("{9A19103F-16F7-4668-BE54-9A1E7A4F7556}") = "BasicsForExperts.Web", "code\BasicsForExperts.Web.csproj", "{B20CF12F-621D-454B-B59E-CB096C9094F5}"
EndProject
Global
	GlobalSection(SolutionConfigurationPlatforms) = preSolution
		Debug|Any CPU = Debug|Any CPU
		Release|Any CPU = Release|Any CPU
	EndGlobalSection
	GlobalSection(ProjectConfigurationPlatforms) = postSolution
		{B20CF12F-621D-454B-B59E-CB096C9094F5}.Debug|Any CPU.ActiveCfg = Debug|Any CPU
		{B20CF12F-621D-454B-B59E-CB096C9094F5}.Debug|Any CPU.Build.0 = Debug|Any CPU
		{B20CF12F-621D-454B-B59E-CB096C9094F5}.Release|Any CPU.ActiveCfg = Release|Any CPU
		{B20CF12F-621D-454B-B59E-CB096C9094F5}.Release|Any CPU.Build.0 = Release|Any CPU
	EndGlobalSection
	GlobalSection(SolutionProperties) = preSolution
		HideSolutionNode = FALSE
	EndGlobalSection
	GlobalSection(ExtensibilityGlobals) = postSolution
		SolutionGuid = {A4EA11F7-7F84-499F-9456-0FF15FACFE1B}
	EndGlobalSection
EndGlobal
